# This file was autogenerated by Stack.
# You should not edit this file by hand.
# For more information, please see the documentation at:
#   https://docs.haskellstack.org/en/stable/lock_files

snapshots:
- original:
    url: https://raw.githubusercontent.com/commercialhaskell/stackage-snapshots/master/lts/18/17.yaml
  completed:
    sha256: e66e70a7f998036025e8f40abc89b8eeb79c88f57727020cba1b54f375aa7ca0
    url: https://raw.githubusercontent.com/commercialhaskell/stackage-snapshots/master/lts/18/17.yaml
    size: 586292
packages:
- original:
    hackage: containers-0.6.5.1
  completed:
    pantry-tree:
      sha256: 86234e3221f6fa50e82d860a8428005ac3ff19fea92103ff79a3047cd5cd1625
      size: 2823
    hackage: containers-0.6.5.1@sha256:a029734132bb3471f8a91e3deaa095581a97410c405a1c665643053db87d87c1,2596
- original:
    hackage: mtl-2.2.2
  completed:
    pantry-tree:
      sha256: b8bdc2259e2f943a7252fb164805666fe108ac959d398e0af27b43ba2ebc241c
      size: 1713
    hackage: mtl-2.2.2@sha256:1050fb71acd9f5d67da7d992583f5bd0eb14407b9dc7acc122af1b738b706ca3,2261
- original:
    hackage: vector-0.12.3.1
  completed:
    pantry-tree:
      sha256: 7201fd69d4558190fa28b3cc0a5e21a47453647c5ccb23d949a63ba07f0ef8b9
      size: 3842
    hackage: vector-0.12.3.1@sha256:672884b271c15501f1398dc1755c435d3659cf9aa77144c0316d055b5fbdfa82,7932
- original:
    hackage: random-1.2.1
  completed:
    pantry-tree:
      sha256: 8bdc994ce41f43624ab42302a881fe5a0f81d965f5d238841e24943664681a06
      size: 1528
    hackage: random-1.2.1@sha256:8bee24dc0c985a90ee78d94c61f8aed21c49633686f0f1c14c5078d818ee43a2,6598
